
Microsoft Visual Studio Solution File, Format Version 12.00
# Visual Studio Version 16
VisualStudioVersion = 16.6.30114.105
MinimumVisualStudioVersion = 10.0.40219.1
Project("{FAE04EC0-301F-11D3-BF4B-00C04F79EFBC}") = "ShippingContainer", "ShippingContainer\ShippingContainer.csproj", "{BDDC4D38-4F1F-463B-BC7A-5678287A9C69}"
EndProject
Project("{FAE04EC0-301F-11D3-BF4B-00C04F79EFBC}") = "ShippingContainer.Tests", "ShippingContainer.Tests\ShippingContainer.Tests.csproj", "{A79F9FA5-1E83-401B-9F69-794D2299BFA8}"
EndProject
Global
	GlobalSection(SolutionConfigurationPlatforms) = preSolution
		Debug|Any CPU = Debug|Any CPU
		Debug|x64 = Debug|x64
		Debug|x86 = Debug|x86
		Release|Any CPU = Release|Any CPU
		Release|x64 = Release|x64
		Release|x86 = Release|x86
	EndGlobalSection
	GlobalSection(SolutionProperties) = preSolution
		HideSolutionNode = FALSE
	EndGlobalSection
	GlobalSection(ProjectConfigurationPlatforms) = postSolution
		{BDDC4D38-4F1F-463B-BC7A-5678287A9C69}.Debug|Any CPU.ActiveCfg = Debug|Any CPU
		{BDDC4D38-4F1F-463B-BC7A-5678287A9C69}.Debug|Any CPU.Build.0 = Debug|Any CPU
		{BDDC4D38-4F1F-463B-BC7A-5678287A9C69}.Debug|x64.ActiveCfg = Debug|Any CPU
		{BDDC4D38-4F1F-463B-BC7A-5678287A9C69}.Debug|x64.Build.0 = Debug|Any CPU
		{BDDC4D38-4F1F-463B-BC7A-5678287A9C69}.Debug|x86.ActiveCfg = Debug|Any CPU
		{BDDC4D38-4F1F-463B-BC7A-5678287A9C69}.Debug|x86.Build.0 = Debug|Any CPU
		{BDDC4D38-4F1F-463B-BC7A-5678287A9C69}.Release|Any CPU.ActiveCfg = Release|Any CPU
		{BDDC4D38-4F1F-463B-BC7A-5678287A9C69}.Release|Any CPU.Build.0 = Release|Any CPU
		{BDDC4D38-4F1F-463B-BC7A-5678287A9C69}.Release|x64.ActiveCfg = Release|Any CPU
		{BDDC4D38-4F1F-463B-BC7A-5678287A9C69}.Release|x64.Build.0 = Release|Any CPU
		{BDDC4D38-4F1F-463B-BC7A-5678287A9C69}.Release|x86.ActiveCfg = Release|Any CPU
		{BDDC4D38-4F1F-463B-BC7A-5678287A9C69}.Release|x86.Build.0 = Release|Any CPU
		{A79F9FA5-1E83-401B-9F69-794D2299BFA8}.Debug|Any CPU.ActiveCfg = Debug|Any CPU
		{A79F9FA5-1E83-401B-9F69-794D2299BFA8}.Debug|Any CPU.Build.0 = Debug|Any CPU
		{A79F9FA5-1E83-401B-9F69-794D2299BFA8}.Debug|x64.ActiveCfg = Debug|Any CPU
		{A79F9FA5-1E83-401B-9F69-794D2299BFA8}.Debug|x64.Build.0 = Debug|Any CPU
		{A79F9FA5-1E83-401B-9F69-794D2299BFA8}.Debug|x86.ActiveCfg = Debug|Any CPU
		{A79F9FA5-1E83-401B-9F69-794D2299BFA8}.Debug|x86.Build.0 = Debug|Any CPU
		{A79F9FA5-1E83-401B-9F69-794D2299BFA8}.Release|Any CPU.ActiveCfg = Release|Any CPU
		{A79F9FA5-1E83-401B-9F69-794D2299BFA8}.Release|Any CPU.Build.0 = Release|Any CPU
		{A79F9FA5-1E83-401B-9F69-794D2299BFA8}.Release|x64.ActiveCfg = Release|Any CPU
		{A79F9FA5-1E83-401B-9F69-794D2299BFA8}.Release|x64.Build.0 = Release|Any CPU
		{A79F9FA5-1E83-401B-9F69-794D2299BFA8}.Release|x86.ActiveCfg = Release|Any CPU
		{A79F9FA5-1E83-401B-9F69-794D2299BFA8}.Release|x86.Build.0 = Release|Any CPU
	EndGlobalSection
EndGlobal
